
Microsoft Visual Studio Solution File, Format Version 12.00
# Visual Studio Version 17
VisualStudioVersion = 17.5.002.0
MinimumVisualStudioVersion = 10.0.40219.1
Project("{9A19103F-16F7-4668-BE54-9A1E7A4F7556}") = "CadastroResposivo", "CadastroResposivo.csproj", "{010E41CD-7FD5-4297-A554-89072ACAEB0F}"
EndProject
Global
	GlobalSection(SolutionConfigurationPlatforms) = preSolution
		Debug|Any CPU = Debug|Any CPU
		Release|Any CPU = Release|Any CPU
	EndGlobalSection
	GlobalSection(ProjectConfigurationPlatforms) = postSolution
		{010E41CD-7FD5-4297-A554-89072ACAEB0F}.Debug|Any CPU.ActiveCfg = Debug|Any CPU
		{010E41CD-7FD5-4297-A554-89072ACAEB0F}.Debug|Any CPU.Build.0 = Debug|Any CPU
		{010E41CD-7FD5-4297-A554-89072ACAEB0F}.Release|Any CPU.ActiveCfg = Release|Any CPU
		{010E41CD-7FD5-4297-A554-89072ACAEB0F}.Release|Any CPU.Build.0 = Release|Any CPU
	EndGlobalSection
	GlobalSection(SolutionProperties) = preSolution
		HideSolutionNode = FALSE
	EndGlobalSection
	GlobalSection(ExtensibilityGlobals) = postSolution
		SolutionGuid = {16068908-F576-4AD1-8790-684DD9ED2714}
	EndGlobalSection
EndGlobal
